// !$*UTF8*$!
{
	archiveVersion = 1;
	classes = {
	};
	objectVersion = 46;
	objects = {

/* Begin PBXBuildFile section */
		24090E551E6E93E10060ACB1 /* Friend.swift in Sources */ = {isa = PBXBuildFile; fileRef = 24090E541E6E93E10060ACB1 /* Friend.swift */; };
		2434B18F1E08F2FA0089F736 /* CreateAccountViewController.swift in Sources */ = {isa = PBXBuildFile; fileRef = 2434B18E1E08F2FA0089F736 /* CreateAccountViewController.swift */; };
		249324081E95461000C0DEFE /* ServiceManager.swift in Sources */ = {isa = PBXBuildFile; fileRef = 249324061E95461000C0DEFE /* ServiceManager.swift */; };
		249324091E95461000C0DEFE /* Utility.swift in Sources */ = {isa = PBXBuildFile; fileRef = 249324071E95461000C0DEFE /* Utility.swift */; };
		24ACB68E1E8AB4D400AC5412 /* Icons in Resources */ = {isa = PBXBuildFile; fileRef = 24ACB68D1E8AB4D400AC5412 /* Icons */; };
		24ACB6D61E93367800AC5412 /* SecurityCallViewController.swift in Sources */ = {isa = PBXBuildFile; fileRef = 24ACB6D51E93367800AC5412 /* SecurityCallViewController.swift */; };
		24AE06D81E9D627D0048483A /* GoogleService-Info.plist in Resources */ = {isa = PBXBuildFile; fileRef = 24AE06D71E9D627D0048483A /* GoogleService-Info.plist */; };
		24AE06DA1EA1A3F10048483A /* Sensor.swift in Sources */ = {isa = PBXBuildFile; fileRef = 24AE06D91EA1A3F10048483A /* Sensor.swift */; };
		24AE07391EA4340C0048483A /* User.swift in Sources */ = {isa = PBXBuildFile; fileRef = 24AE07381EA4340C0048483A /* User.swift */; };
		352607F81D4C611E004807B6 /* AppDelegate.swift in Sources */ = {isa = PBXBuildFile; fileRef = 352607F71D4C611E004807B6 /* AppDelegate.swift */; };
		352607FF1D4C611E004807B6 /* Main.storyboard in Resources */ = {isa = PBXBuildFile; fileRef = 352607FD1D4C611E004807B6 /* Main.storyboard */; };
		352608011D4C611E004807B6 /* Assets.xcassets in Resources */ = {isa = PBXBuildFile; fileRef = 352608001D4C611E004807B6 /* Assets.xcassets */; };
		352608041D4C611E004807B6 /* LaunchScreen.storyboard in Resources */ = {isa = PBXBuildFile; fileRef = 352608021D4C611E004807B6 /* LaunchScreen.storyboard */; };
		35436E0F1D4E993500C0D452 /* LoginViewController.swift in Sources */ = {isa = PBXBuildFile; fileRef = 35436E0E1D4E993500C0D452 /* LoginViewController.swift */; };
		35436E111D4E997800C0D452 /* SendTrackerTableViewController.swift in Sources */ = {isa = PBXBuildFile; fileRef = 35436E101D4E997800C0D452 /* SendTrackerTableViewController.swift */; };
		35436E141D4E99DE00C0D452 /* SendToFriendTableViewCell.swift in Sources */ = {isa = PBXBuildFile; fileRef = 35436E131D4E99DE00C0D452 /* SendToFriendTableViewCell.swift */; };
		35436E161D4E9A2800C0D452 /* SelectDestinationViewController.swift in Sources */ = {isa = PBXBuildFile; fileRef = 35436E151D4E9A2800C0D452 /* SelectDestinationViewController.swift */; };
		35436E181D4E9A7800C0D452 /* FriendsTableViewController.swift in Sources */ = {isa = PBXBuildFile; fileRef = 35436E171D4E9A7800C0D452 /* FriendsTableViewController.swift */; };
		35436E1B1D4E9AB800C0D452 /* AddOrViewFriendTableViewController.swift in Sources */ = {isa = PBXBuildFile; fileRef = 35436E1A1D4E9AB800C0D452 /* AddOrViewFriendTableViewController.swift */; };
		35436E1D1D4E9AEB00C0D452 /* FriendsListTableViewCell.swift in Sources */ = {isa = PBXBuildFile; fileRef = 35436E1C1D4E9AEB00C0D452 /* FriendsListTableViewCell.swift */; };
		35436E1F1D4E9B1400C0D452 /* FriendInfoTableViewCell.swift in Sources */ = {isa = PBXBuildFile; fileRef = 35436E1E1D4E9B1400C0D452 /* FriendInfoTableViewCell.swift */; };
		35436E211D4E9BA400C0D452 /* MapTrackerViewController.swift in Sources */ = {isa = PBXBuildFile; fileRef = 35436E201D4E9BA400C0D452 /* MapTrackerViewController.swift */; };
		35436E241D4E9BD800C0D452 /* TrackingInfoTableViewController.swift in Sources */ = {isa = PBXBuildFile; fileRef = 35436E231D4E9BD800C0D452 /* TrackingInfoTableViewController.swift */; };
		35436E261D4E9C4400C0D452 /* IndividualTrackingInfoTableViewCell.swift in Sources */ = {isa = PBXBuildFile; fileRef = 35436E251D4E9C4400C0D452 /* IndividualTrackingInfoTableViewCell.swift */; };
		35436E281D4EB46600C0D452 /* DestinationMapPin.swift in Sources */ = {isa = PBXBuildFile; fileRef = 35436E271D4EB46600C0D452 /* DestinationMapPin.swift */; };
		CFFB7D262E7E7E5D727C0B09 /* Pods_CurrentLocationTracker.framework in Frameworks */ = {isa = PBXBuildFile; fileRef = F66F1A1C4544A040721AD676 /* Pods_CurrentLocationTracker.framework */; };
/* End PBXBuildFile section */

/* Begin PBXFileReference section */
		24090E541E6E93E10060ACB1 /* Friend.swift */ = {isa = PBXFileReference; fileEncoding = 4; lastKnownFileType = sourcecode.swift; path = Friend.swift; sourceTree = "<group>"; };
		2434B18E1E08F2FA0089F736 /* CreateAccountViewController.swift */ = {isa = PBXFileReference; fileEncoding = 4; lastKnownFileType = sourcecode.swift; path = CreateAccountViewController.swift; sourceTree = "<group>"; };
		249324061E95461000C0DEFE /* ServiceManager.swift */ = {isa = PBXFileReference; fileEncoding = 4; lastKnownFileType = sourcecode.swift; path = ServiceManager.swift; sourceTree = "<group>"; };
		249324071E95461000C0DEFE /* Utility.swift */ = {isa = PBXFileReference; fileEncoding = 4; lastKnownFileType = sourcecode.swift; path = Utility.swift; sourceTree = "<group>"; };
		249326971E9D4A6700C0DEFE /* CurrentLocationTracker.entitlements */ = {isa = PBXFileReference; lastKnownFileType = text.plist.entitlements; path = CurrentLocationTracker.entitlements; sourceTree = "<group>"; };
		24ACB68D1E8AB4D400AC5412 /* Icons */ = {isa = PBXFileReference; lastKnownFileType = folder; path = Icons; sourceTree = "<group>"; };
		24ACB6D51E93367800AC5412 /* SecurityCallViewController.swift */ = {isa = PBXFileReference; fileEncoding = 4; lastKnownFileType = sourcecode.swift; path = SecurityCallViewController.swift; sourceTree = "<group>"; };
		24AE06D71E9D627D0048483A /* GoogleService-Info.plist */ = {isa = PBXFileReference; fileEncoding = 4; lastKnownFileType = text.plist.xml; path = "GoogleService-Info.plist"; sourceTree = "<group>"; };
		24AE06D91EA1A3F10048483A /* Sensor.swift */ = {isa = PBXFileReference; fileEncoding = 4; lastKnownFileType = sourcecode.swift; path = Sensor.swift; sourceTree = "<group>"; };
		24AE07381EA4340C0048483A /* User.swift */ = {isa = PBXFileReference; fileEncoding = 4; lastKnownFileType = sourcecode.swift; path = User.swift; sourceTree = "<group>"; };
		352607F41D4C611E004807B6 /* CurrentLocationTracker.app */ = {isa = PBXFileReference; explicitFileType = wrapper.application; includeInIndex = 0; path = CurrentLocationTracker.app; sourceTree = BUILT_PRODUCTS_DIR; };
		352607F71D4C611E004807B6 /* AppDelegate.swift */ = {isa = PBXFileReference; lastKnownFileType = sourcecode.swift; path = AppDelegate.swift; sourceTree = "<group>"; };
		352607FE1D4C611E004807B6 /* Base */ = {isa = PBXFileReference; lastKnownFileType = file.storyboard; name = Base; path = Base.lproj/Main.storyboard; sourceTree = "<group>"; };
		352608001D4C611E004807B6 /* Assets.xcassets */ = {isa = PBXFileReference; lastKnownFileType = folder.assetcatalog; path = Assets.xcassets; sourceTree = "<group>"; };
		352608031D4C611E004807B6 /* Base */ = {isa = PBXFileReference; lastKnownFileType = file.storyboard; name = Base; path = Base.lproj/LaunchScreen.storyboard; sourceTree = "<group>"; };
		352608051D4C611E004807B6 /* Info.plist */ = {isa = PBXFileReference; lastKnownFileType = text.plist.xml; path = Info.plist; sourceTree = "<group>"; };
		35436E0E1D4E993500C0D452 /* LoginViewController.swift */ = {isa = PBXFileReference; fileEncoding = 4; lastKnownFileType = sourcecode.swift; path = LoginViewController.swift; sourceTree = "<group>"; };
		35436E101D4E997800C0D452 /* SendTrackerTableViewController.swift */ = {isa = PBXFileReference; fileEncoding = 4; lastKnownFileType = sourcecode.swift; path = SendTrackerTableViewController.swift; sourceTree = "<group>"; };
		35436E131D4E99DE00C0D452 /* SendToFriendTableViewCell.swift */ = {isa = PBXFileReference; fileEncoding = 4; lastKnownFileType = sourcecode.swift; path = SendToFriendTableViewCell.swift; sourceTree = "<group>"; };
		35436E151D4E9A2800C0D452 /* SelectDestinationViewController.swift */ = {isa = PBXFileReference; fileEncoding = 4; lastKnownFileType = sourcecode.swift; path = SelectDestinationViewController.swift; sourceTree = "<group>"; };
		35436E171D4E9A7800C0D452 /* FriendsTableViewController.swift */ = {isa = PBXFileReference; fileEncoding = 4; lastKnownFileType = sourcecode.swift; path = FriendsTableViewController.swift; sourceTree = "<group>"; };
		35436E1A1D4E9AB800C0D452 /* AddOrViewFriendTableViewController.swift */ = {isa = PBXFileReference; fileEncoding = 4; lastKnownFileType = sourcecode.swift; path = AddOrViewFriendTableViewController.swift; sourceTree = "<group>"; };
		35436E1C1D4E9AEB00C0D452 /* FriendsListTableViewCell.swift */ = {isa = PBXFileReference; fileEncoding = 4; lastKnownFileType = sourcecode.swift; path = FriendsListTableViewCell.swift; sourceTree = "<group>"; };
		35436E1E1D4E9B1400C0D452 /* FriendInfoTableViewCell.swift */ = {isa = PBXFileReference; fileEncoding = 4; lastKnownFileType = sourcecode.swift; path = FriendInfoTableViewCell.swift; sourceTree = "<group>"; };
		35436E201D4E9BA400C0D452 /* MapTrackerViewController.swift */ = {isa = PBXFileReference; fileEncoding = 4; lastKnownFileType = sourcecode.swift; path = MapTrackerViewController.swift; sourceTree = "<group>"; };
		35436E231D4E9BD800C0D452 /* TrackingInfoTableViewController.swift */ = {isa = PBXFileReference; fileEncoding = 4; lastKnownFileType = sourcecode.swift; path = TrackingInfoTableViewController.swift; sourceTree = "<group>"; };
		35436E251D4E9C4400C0D452 /* IndividualTrackingInfoTableViewCell.swift */ = {isa = PBXFileReference; fileEncoding = 4; lastKnownFileType = sourcecode.swift; path = IndividualTrackingInfoTableViewCell.swift; sourceTree = "<group>"; };
		35436E271D4EB46600C0D452 /* DestinationMapPin.swift */ = {isa = PBXFileReference; fileEncoding = 4; lastKnownFileType = sourcecode.swift; path = DestinationMapPin.swift; sourceTree = "<group>"; };
		664BF1C894BCC1E02184E59B /* Pods-CurrentLocationTracker.debug.xcconfig */ = {isa = PBXFileReference; includeInIndex = 1; lastKnownFileType = text.xcconfig; name = "Pods-CurrentLocationTracker.debug.xcconfig"; path = "Pods/Target Support Files/Pods-CurrentLocationTracker/Pods-CurrentLocationTracker.debug.xcconfig"; sourceTree = "<group>"; };
		988E5C8E803736A1F6AC2F20 /* Pods-CurrentLocationTracker.release.xcconfig */ = {isa = PBXFileReference; includeInIndex = 1; lastKnownFileType = text.xcconfig; name = "Pods-CurrentLocationTracker.release.xcconfig"; path = "Pods/Target Support Files/Pods-CurrentLocationTracker/Pods-CurrentLocationTracker.release.xcconfig"; sourceTree = "<group>"; };
		F66F1A1C4544A040721AD676 /* Pods_CurrentLocationTracker.framework */ = {isa = PBXFileReference; explicitFileType = wrapper.framework; includeInIndex = 0; path = Pods_CurrentLocationTracker.framework; sourceTree = BUILT_PRODUCTS_DIR; };
/* End PBXFileReference section */

/* Begin PBXFrameworksBuildPhase section */
		352607F11D4C611E004807B6 /* Frameworks */ = {
			isa = PBXFrameworksBuildPhase;
			buildActionMask = 2147483647;
			files = (
				CFFB7D262E7E7E5D727C0B09 /* Pods_CurrentLocationTracker.framework in Frameworks */,
			);
			runOnlyForDeploymentPostprocessing = 0;
		};
/* End PBXFrameworksBuildPhase section */

/* Begin PBXGroup section */
		24090E531E6E93CE0060ACB1 /* Model */ = {
			isa = PBXGroup;
			children = (
				24090E541E6E93E10060ACB1 /* Friend.swift */,
				24AE06D91EA1A3F10048483A /* Sensor.swift */,
				24AE07381EA4340C0048483A /* User.swift */,
			);
			name = Model;
			sourceTree = "<group>";
		};
		2434B18D1E08E8CD0089F736 /* Controllers */ = {
			isa = PBXGroup;
			children = (
				2434B18E1E08F2FA0089F736 /* CreateAccountViewController.swift */,
				35436E0E1D4E993500C0D452 /* LoginViewController.swift */,
				24ACB6D51E93367800AC5412 /* SecurityCallViewController.swift */,
			);
			name = Controllers;
			sourceTree = "<group>";
		};
		352607EB1D4C611E004807B6 = {
			isa = PBXGroup;
			children = (
				352607F61D4C611E004807B6 /* CurrentLocationTracker */,
				352607F51D4C611E004807B6 /* Products */,
				AFE8C96562C4EFA89049B09C /* Pods */,
				C2B8053201B1878431A38AD1 /* Frameworks */,
			);
			sourceTree = "<group>";
		};
		352607F51D4C611E004807B6 /* Products */ = {
			isa = PBXGroup;
			children = (
				352607F41D4C611E004807B6 /* CurrentLocationTracker.app */,
			);
			name = Products;
			sourceTree = "<group>";
		};
		352607F61D4C611E004807B6 /* CurrentLocationTracker */ = {
			isa = PBXGroup;
			children = (
				24AE06D71E9D627D0048483A /* GoogleService-Info.plist */,
				249326971E9D4A6700C0DEFE /* CurrentLocationTracker.entitlements */,
				24090E531E6E93CE0060ACB1 /* Model */,
				2434B18D1E08E8CD0089F736 /* Controllers */,
				352607F71D4C611E004807B6 /* AppDelegate.swift */,
				352607FD1D4C611E004807B6 /* Main.storyboard */,
				249324061E95461000C0DEFE /* ServiceManager.swift */,
				249324071E95461000C0DEFE /* Utility.swift */,
				24ACB68D1E8AB4D400AC5412 /* Icons */,
				35436E121D4E998200C0D452 /* SendTracker */,
				35436E191D4E9A7C00C0D452 /* Friends */,
				35436E221D4E9BB100C0D452 /* TrackingMap */,
				352608001D4C611E004807B6 /* Assets.xcassets */,
				352608021D4C611E004807B6 /* LaunchScreen.storyboard */,
				352608051D4C611E004807B6 /* Info.plist */,
			);
			path = CurrentLocationTracker;
			sourceTree = "<group>";
		};
		35436E121D4E998200C0D452 /* SendTracker */ = {
			isa = PBXGroup;
			children = (
				35436E101D4E997800C0D452 /* SendTrackerTableViewController.swift */,
				35436E131D4E99DE00C0D452 /* SendToFriendTableViewCell.swift */,
				35436E151D4E9A2800C0D452 /* SelectDestinationViewController.swift */,
				35436E271D4EB46600C0D452 /* DestinationMapPin.swift */,
			);
			name = SendTracker;
			sourceTree = "<group>";
		};
		35436E191D4E9A7C00C0D452 /* Friends */ = {
			isa = PBXGroup;
			children = (
				35436E171D4E9A7800C0D452 /* FriendsTableViewController.swift */,
				35436E1C1D4E9AEB00C0D452 /* FriendsListTableViewCell.swift */,
				35436E1A1D4E9AB800C0D452 /* AddOrViewFriendTableViewController.swift */,
				35436E1E1D4E9B1400C0D452 /* FriendInfoTableViewCell.swift */,
			);
			name = Friends;
			sourceTree = "<group>";
		};
		35436E221D4E9BB100C0D452 /* TrackingMap */ = {
			isa = PBXGroup;
			children = (
				35436E201D4E9BA400C0D452 /* MapTrackerViewController.swift */,
				35436E231D4E9BD800C0D452 /* TrackingInfoTableViewController.swift */,
				35436E251D4E9C4400C0D452 /* IndividualTrackingInfoTableViewCell.swift */,
			);
			name = TrackingMap;
			sourceTree = "<group>";
		};
		AFE8C96562C4EFA89049B09C /* Pods */ = {
			isa = PBXGroup;
			children = (
				664BF1C894BCC1E02184E59B /* Pods-CurrentLocationTracker.debug.xcconfig */,
				988E5C8E803736A1F6AC2F20 /* Pods-CurrentLocationTracker.release.xcconfig */,
			);
			name = Pods;
			sourceTree = "<group>";
		};
		C2B8053201B1878431A38AD1 /* Frameworks */ = {
			isa = PBXGroup;
			children = (
				F66F1A1C4544A040721AD676 /* Pods_CurrentLocationTracker.framework */,
			);
			name = Frameworks;
			sourceTree = "<group>";
		};
/* End PBXGroup section */

/* Begin PBXNativeTarget section */
		352607F31D4C611E004807B6 /* CurrentLocationTracker */ = {
			isa = PBXNativeTarget;
			buildConfigurationList = 352608081D4C611E004807B6 /* Build configuration list for PBXNativeTarget "CurrentLocationTracker" */;
			buildPhases = (
				37608890A154D7D808CFB59B /* [CP] Check Pods Manifest.lock */,
				352607F01D4C611E004807B6 /* Sources */,
				352607F11D4C611E004807B6 /* Frameworks */,
				352607F21D4C611E004807B6 /* Resources */,
				681EC18486BC53491937B0D4 /* [CP] Embed Pods Frameworks */,
				4996598FE24C269937088D52 /* [CP] Copy Pods Resources */,
			);
			buildRules = (
			);
			dependencies = (
			);
			name = CurrentLocationTracker;
			productName = CurrentLocationTracker;
			productReference = 352607F41D4C611E004807B6 /* CurrentLocationTracker.app */;
			productType = "com.apple.product-type.application";
		};
/* End PBXNativeTarget section */

/* Begin PBXProject section */
		352607EC1D4C611E004807B6 /* Project object */ = {
			isa = PBXProject;
			attributes = {
				LastSwiftUpdateCheck = 0730;
				LastUpgradeCheck = 0730;
				ORGANIZATIONNAME = "Ryan O'Rourke";
				TargetAttributes = {
					352607F31D4C611E004807B6 = {
						CreatedOnToolsVersion = 7.3.1;
						DevelopmentTeam = 27Q69VYKLQ;
						LastSwiftMigration = 0830;
						SystemCapabilities = {
							com.apple.Push = {
								enabled = 1;
							};
						};
					};
				};
			};
			buildConfigurationList = 352607EF1D4C611E004807B6 /* Build configuration list for PBXProject "CurrentLocationTracker" */;
			compatibilityVersion = "Xcode 3.2";
			developmentRegion = English;
			hasScannedForEncodings = 0;
			knownRegions = (
				en,
				Base,
			);
			mainGroup = 352607EB1D4C611E004807B6;
			productRefGroup = 352607F51D4C611E004807B6 /* Products */;
			projectDirPath = "";
			projectRoot = "";
			targets = (
				352607F31D4C611E004807B6 /* CurrentLocationTracker */,
			);
		};
/* End PBXProject section */

/* Begin PBXResourcesBuildPhase section */
		352607F21D4C611E004807B6 /* Resources */ = {
			isa = PBXResourcesBuildPhase;
			buildActionMask = 2147483647;
			files = (
				352608041D4C611E004807B6 /* LaunchScreen.storyboard in Resources */,
				24ACB68E1E8AB4D400AC5412 /* Icons in Resources */,
				24AE06D81E9D627D0048483A /* GoogleService-Info.plist in Resources */,
				352608011D4C611E004807B6 /* Assets.xcassets in Resources */,
				352607FF1D4C611E004807B6 /* Main.storyboard in Resources */,
			);
			runOnlyForDeploymentPostprocessing = 0;
		};
/* End PBXResourcesBuildPhase section */

/* Begin PBXShellScriptBuildPhase section */
		37608890A154D7D808CFB59B /* [CP] Check Pods Manifest.lock */ = {
			isa = PBXShellScriptBuildPhase;
			buildActionMask = 2147483647;
			files = (
			);
			inputPaths = (
			);
			name = "[CP] Check Pods Manifest.lock";
			outputPaths = (
			);
			runOnlyForDeploymentPostprocessing = 0;
			shellPath = /bin/sh;
			shellScript = "diff \"${PODS_ROOT}/../Podfile.lock\" \"${PODS_ROOT}/Manifest.lock\" > /dev/null\nif [ $? != 0 ] ; then\n    # print error to STDERR\n    echo \"error: The sandbox is not in sync with the Podfile.lock. Run 'pod install' or update your CocoaPods installation.\" >&2\n    exit 1\nfi\n";
			showEnvVarsInLog = 0;
		};
		4996598FE24C269937088D52 /* [CP] Copy Pods Resources */ = {
			isa = PBXShellScriptBuildPhase;
			buildActionMask = 2147483647;
			files = (
			);
			inputPaths = (
			);
			name = "[CP] Copy Pods Resources";
			outputPaths = (
			);
			runOnlyForDeploymentPostprocessing = 0;
			shellPath = /bin/sh;
			shellScript = "\"${SRCROOT}/Pods/Target Support Files/Pods-CurrentLocationTracker/Pods-CurrentLocationTracker-resources.sh\"\n";
			showEnvVarsInLog = 0;
		};
		681EC18486BC53491937B0D4 /* [CP] Embed Pods Frameworks */ = {
			isa = PBXShellScriptBuildPhase;
			buildActionMask = 2147483647;
			files = (
			);
			inputPaths = (
			);
			name = "[CP] Embed Pods Frameworks";
			outputPaths = (
			);
			runOnlyForDeploymentPostprocessing = 0;
			shellPath = /bin/sh;
			shellScript = "\"${SRCROOT}/Pods/Target Support Files/Pods-CurrentLocationTracker/Pods-CurrentLocationTracker-frameworks.sh\"\n";
			showEnvVarsInLog = 0;
		};
/* End PBXShellScriptBuildPhase section */

/* Begin PBXSourcesBuildPhase section */
		352607F01D4C611E004807B6 /* Sources */ = {
			isa = PBXSourcesBuildPhase;
			buildActionMask = 2147483647;
			files = (
				2434B18F1E08F2FA0089F736 /* CreateAccountViewController.swift in Sources */,
				24AE06DA1EA1A3F10048483A /* Sensor.swift in Sources */,
				35436E1B1D4E9AB800C0D452 /* AddOrViewFriendTableViewController.swift in Sources */,
				249324091E95461000C0DEFE /* Utility.swift in Sources */,
				35436E0F1D4E993500C0D452 /* LoginViewController.swift in Sources */,
				35436E211D4E9BA400C0D452 /* MapTrackerViewController.swift in Sources */,
				35436E261D4E9C4400C0D452 /* IndividualTrackingInfoTableViewCell.swift in Sources */,
				352607F81D4C611E004807B6 /* AppDelegate.swift in Sources */,
				24AE07391EA4340C0048483A /* User.swift in Sources */,
				35436E1D1D4E9AEB00C0D452 /* FriendsListTableViewCell.swift in Sources */,
				35436E1F1D4E9B1400C0D452 /* FriendInfoTableViewCell.swift in Sources */,
				35436E181D4E9A7800C0D452 /* FriendsTableViewController.swift in Sources */,
				35436E241D4E9BD800C0D452 /* TrackingInfoTableViewController.swift in Sources */,
				35436E281D4EB46600C0D452 /* DestinationMapPin.swift in Sources */,
				35436E161D4E9A2800C0D452 /* SelectDestinationViewController.swift in Sources */,
				249324081E95461000C0DEFE /* ServiceManager.swift in Sources */,
				24ACB6D61E93367800AC5412 /* SecurityCallViewController.swift in Sources */,
				24090E551E6E93E10060ACB1 /* Friend.swift in Sources */,
				35436E141D4E99DE00C0D452 /* SendToFriendTableViewCell.swift in Sources */,
				35436E111D4E997800C0D452 /* SendTrackerTableViewController.swift in Sources */,
			);
			runOnlyForDeploymentPostprocessing = 0;
		};
/* End PBXSourcesBuildPhase section */

/* Begin PBXVariantGroup section */
		352607FD1D4C611E004807B6 /* Main.storyboard */ = {
			isa = PBXVariantGroup;
			children = (
				352607FE1D4C611E004807B6 /* Base */,
			);
			name = Main.storyboard;
			sourceTree = "<group>";
		};
		352608021D4C611E004807B6 /* LaunchScreen.storyboard */ = {
			isa = PBXVariantGroup;
			children = (
				352608031D4C611E004807B6 /* Base */,
			);
			name = LaunchScreen.storyboard;
			sourceTree = "<group>";
		};
/* End PBXVariantGroup section */

/* Begin XCBuildConfiguration section */
		352608061D4C611E004807B6 /* Debug */ = {
			isa = XCBuildConfiguration;
			buildSettings = {
				ALWAYS_SEARCH_USER_PATHS = NO;
				CLANG_ANALYZER_NONNULL = YES;
				CLANG_CXX_LANGUAGE_STANDARD = "gnu++0x";
				CLANG_CXX_LIBRARY = "libc++";
				CLANG_ENABLE_MODULES = YES;
				CLANG_ENABLE_OBJC_ARC = YES;
				CLANG_WARN_BOOL_CONVERSION = YES;
				CLANG_WARN_CONSTANT_CONVERSION = YES;
				CLANG_WARN_DIRECT_OBJC_ISA_USAGE = YES_ERROR;
				CLANG_WARN_EMPTY_BODY = YES;
				CLANG_WARN_ENUM_CONVERSION = YES;
				CLANG_WARN_INT_CONVERSION = YES;
				CLANG_WARN_OBJC_ROOT_CLASS = YES_ERROR;
				CLANG_WARN_UNREACHABLE_CODE = YES;
				CLANG_WARN__DUPLICATE_METHOD_MATCH = YES;
				"CODE_SIGN_IDENTITY[sdk=iphoneos*]" = "iPhone Developer";
				COPY_PHASE_STRIP = NO;
				DEBUG_INFORMATION_FORMAT = dwarf;
				ENABLE_STRICT_OBJC_MSGSEND = YES;
				ENABLE_TESTABILITY = YES;
				GCC_C_LANGUAGE_STANDARD = gnu99;
				GCC_DYNAMIC_NO_PIC = NO;
				GCC_NO_COMMON_BLOCKS = YES;
				GCC_OPTIMIZATION_LEVEL = 0;
				GCC_PREPROCESSOR_DEFINITIONS = (
					"DEBUG=1",
					"$(inherited)",
				);
				GCC_WARN_64_TO_32_BIT_CONVERSION = YES;
				GCC_WARN_ABOUT_RETURN_TYPE = YES_ERROR;
				GCC_WARN_UNDECLARED_SELECTOR = YES;
				GCC_WARN_UNINITIALIZED_AUTOS = YES_AGGRESSIVE;
				GCC_WARN_UNUSED_FUNCTION = YES;
				GCC_WARN_UNUSED_VARIABLE = YES;
				IPHONEOS_DEPLOYMENT_TARGET = 9.3;
				MTL_ENABLE_DEBUG_INFO = YES;
				ONLY_ACTIVE_ARCH = YES;
				SDKROOT = iphoneos;
				SWIFT_OPTIMIZATION_LEVEL = "-Onone";
				TARGETED_DEVICE_FAMILY = "1,2";
			};
			name = Debug;
		};
		352608071D4C611E004807B6 /* Release */ = {
			isa = XCBuildConfiguration;
			buildSettings = {
				ALWAYS_SEARCH_USER_PATHS = NO;
				CLANG_ANALYZER_NONNULL = YES;
				CLANG_CXX_LANGUAGE_STANDARD = "gnu++0x";
				CLANG_CXX_LIBRARY = "libc++";
				CLANG_ENABLE_MODULES = YES;
				CLANG_ENABLE_OBJC_ARC = YES;
				CLANG_WARN_BOOL_CONVERSION = YES;
				CLANG_WARN_CONSTANT_CONVERSION = YES;
				CLANG_WARN_DIRECT_OBJC_ISA_USAGE = YES_ERROR;
				CLANG_WARN_EMPTY_BODY = YES;
				CLANG_WARN_ENUM_CONVERSION = YES;
				CLANG_WARN_INT_CONVERSION = YES;
				CLANG_WARN_OBJC_ROOT_CLASS = YES_ERROR;
				CLANG_WARN_UNREACHABLE_CODE = YES;
				CLANG_WARN__DUPLICATE_METHOD_MATCH = YES;
				"CODE_SIGN_IDENTITY[sdk=iphoneos*]" = "iPhone Developer";
				COPY_PHASE_STRIP = NO;
				DEBUG_INFORMATION_FORMAT = "dwarf-with-dsym";
				ENABLE_NS_ASSERTIONS = NO;
				ENABLE_STRICT_OBJC_MSGSEND = YES;
				GCC_C_LANGUAGE_STANDARD = gnu99;
				GCC_NO_COMMON_BLOCKS = YES;
				GCC_WARN_64_TO_32_BIT_CONVERSION = YES;
				GCC_WARN_ABOUT_RETURN_TYPE = YES_ERROR;
				GCC_WARN_UNDECLARED_SELECTOR = YES;
				GCC_WARN_UNINITIALIZED_AUTOS = YES_AGGRESSIVE;
				GCC_WARN_UNUSED_FUNCTION = YES;
				GCC_WARN_UNUSED_VARIABLE = YES;
				IPHONEOS_DEPLOYMENT_TARGET = 9.3;
				MTL_ENABLE_DEBUG_INFO = NO;
				SDKROOT = iphoneos;
				TARGETED_DEVICE_FAMILY = "1,2";
				VALIDATE_PRODUCT = YES;
			};
			name = Release;
		};
		352608091D4C611E004807B6 /* Debug */ = {
			isa = XCBuildConfiguration;
			baseConfigurationReference = 664BF1C894BCC1E02184E59B /* Pods-CurrentLocationTracker.debug.xcconfig */;
			buildSettings = {
				ASSETCATALOG_COMPILER_APPICON_NAME = AppIcon;
				CODE_SIGN_ENTITLEMENTS = CurrentLocationTracker/CurrentLocationTracker.entitlements;
				CODE_SIGN_IDENTITY = "iPhone Developer";
				DEVELOPMENT_TEAM = 27Q69VYKLQ;
				FRAMEWORK_SEARCH_PATHS = (
					"$(inherited)",
					"$(PROJECT_DIR)",
				);
				INFOPLIST_FILE = CurrentLocationTracker/Info.plist;
				LD_RUNPATH_SEARCH_PATHS = "$(inherited) @executable_path/Frameworks";
				PRODUCT_BUNDLE_IDENTIFIER = edu.monmouth.CurrentLocationTracker;
				PRODUCT_NAME = "$(TARGET_NAME)";
				SWIFT_VERSION = 3.0;
			};
			name = Debug;
		};
		3526080A1D4C611E004807B6 /* Release */ = {
			isa = XCBuildConfiguration;
			baseConfigurationReference = 988E5C8E803736A1F6AC2F20 /* Pods-CurrentLocationTracker.release.xcconfig */;
			buildSettings = {
				ASSETCATALOG_COMPILER_APPICON_NAME = AppIcon;
				CODE_SIGN_ENTITLEMENTS = CurrentLocationTracker/CurrentLocationTracker.entitlements;
				CODE_SIGN_IDENTITY = "iPhone Developer";
				DEVELOPMENT_TEAM = 27Q69VYKLQ;
				FRAMEWORK_SEARCH_PATHS = (
					"$(inherited)",
					"$(PROJECT_DIR)",
				);
				INFOPLIST_FILE = CurrentLocationTracker/Info.plist;
				LD_RUNPATH_SEARCH_PATHS = "$(inherited) @executable_path/Frameworks";
				PRODUCT_BUNDLE_IDENTIFIER = edu.monmouth.CurrentLocationTracker;
				PRODUCT_NAME = "$(TARGET_NAME)";
				SWIFT_VERSION = 3.0;
			};
			name = Release;
		};
/* End XCBuildConfiguration section */

/* Begin XCConfigurationList section */
		352607EF1D4C611E004807B6 /* Build configuration list for PBXProject "CurrentLocationTracker" */ = {
			isa = XCConfigurationList;
			buildConfigurations = (
				352608061D4C611E004807B6 /* Debug */,
				352608071D4C611E004807B6 /* Release */,
			);
			defaultConfigurationIsVisible = 0;
			defaultConfigurationName = Release;
		};
		352608081D4C611E004807B6 /* Build configuration list for PBXNativeTarget "CurrentLocationTracker" */ = {
			isa = XCConfigurationList;
			buildConfigurations = (
				352608091D4C611E004807B6 /* Debug */,
				3526080A1D4C611E004807B6 /* Release */,
			);
			defaultConfigurationIsVisible = 0;
			defaultConfigurationName = Release;
		};
/* End XCConfigurationList section */
	};
	rootObject = 352607EC1D4C611E004807B6 /* Project object */;
}
